# This file is autogenerated, do not edit; changes may be undone by the next 'dep ensure'.


[[projects]]
  name = "cloud.google.com/go"
  packages = [
    "compute/metadata",
    "internal",
    "internal/optional",
    "storage"
  ]
  revision = "81b7822b1e798e8f17bf64b59512a5be4097e966"

[[projects]]
  name = "github.com/Azure/azure-sdk-for-go"
  packages = [
    "arm/resources/resources",
    "arm/storage",
    "storage"
  ]
  revision = "57db66900881e9fd21fd041a9d013514700ecab3"
  version = "v10.3.0-beta"

[[projects]]
  name = "github.com/Azure/go-autorest"
  packages = [
    "autorest",
    "autorest/adal",
    "autorest/azure",
    "autorest/date",
    "autorest/to",
    "autorest/validation"
  ]
  revision = "5432abe734f8d95c78340cd56712f912906e6514"
  version = "v8.3.1"

[[projects]]
  branch = "master"
  name = "github.com/Azure/go-ntlmssp"
  packages = ["."]
  revision = "c92175d540060095c69ced311f76aea56c83ecdb"

[[projects]]
  name = "github.com/ChrisTrenkamp/goxpath"
  packages = [
    ".",
    "internal/execxp",
    "internal/lexer",
    "internal/parser",
    "internal/parser/findutil",
    "internal/parser/intfns",
    "internal/parser/pathexpr",
    "internal/xconst",
    "internal/xsort",
    "tree",
    "tree/xmltree",
    "tree/xmltree/xmlbuilder",
    "tree/xmltree/xmlele",
    "tree/xmltree/xmlnode"
  ]
  revision = "4fe03583929022c9c96829401ffabc755e69782e"

[[projects]]
  name = "github.com/Unknwon/com"
  packages = ["."]
  revision = "28b053d5a2923b87ce8c5a08f3af779894a72758"
  version = "v1"

[[projects]]
  name = "github.com/agext/levenshtein"
  packages = ["."]
  revision = "5f10fee965225ac1eecdc234c09daf5cd9e7f7b6"
  version = "v1.2.1"

[[projects]]
  name = "github.com/agl/ed25519"
  packages = [
    ".",
    "edwards25519"
  ]
  revision = "278e1ec8e8a6e017cd07577924d6766039146ced"

[[projects]]
  name = "github.com/antchfx/xpath"
  packages = ["."]
  revision = "b5c552e1acbdd77b5e369eab0efd1e0f9d7090e4"

[[projects]]
  name = "github.com/antchfx/xquery"
  packages = ["xml"]
  revision = "eb8c3c17260731e52f9420af1508a47bfaf217a8"

[[projects]]
  branch = "master"
  name = "github.com/apparentlymart/go-cidr"
  packages = ["cidr"]
  revision = "2bd8b58cf4275aeb086ade613de226773e29e853"

[[projects]]
  branch = "master"
  name = "github.com/apparentlymart/go-textseg"
  packages = ["textseg"]
  revision = "b836f5c4d331d1945a2fead7188db25432d73b69"

[[projects]]
  branch = "master"
  name = "github.com/armon/circbuf"
  packages = ["."]
  revision = "bbbad097214e2918d8543d5201d12bfd7bca254d"

[[projects]]
  name = "github.com/armon/go-radix"
  packages = ["."]
  revision = "4239b77079c7b5d1243b7b4736304ce8ddb6f0f2"

[[projects]]
  name = "github.com/aws/aws-sdk-go"
  packages = [
    "aws",
    "aws/arn",
    "aws/awserr",
    "aws/awsutil",
    "aws/client",
    "aws/client/metadata",
    "aws/corehandlers",
    "aws/credentials",
    "aws/credentials/ec2rolecreds",
    "aws/credentials/endpointcreds",
    "aws/credentials/stscreds",
    "aws/defaults",
    "aws/ec2metadata",
    "aws/endpoints",
    "aws/request",
    "aws/session",
    "aws/signer/v4",
    "internal/shareddefaults",
    "private/protocol",
    "private/protocol/ec2query",
    "private/protocol/json/jsonutil",
    "private/protocol/jsonrpc",
    "private/protocol/query",
    "private/protocol/query/queryutil",
    "private/protocol/rest",
    "private/protocol/restjson",
    "private/protocol/restxml",
    "private/protocol/xml/xmlutil",
    "private/signer/v2",
    "service/acm",
    "service/apigateway",
    "service/applicationautoscaling",
    "service/athena",
    "service/autoscaling",
    "service/batch",
    "service/cloud9",
    "service/cloudformation",
    "service/cloudfront",
    "service/cloudtrail",
    "service/cloudwatch",
    "service/cloudwatchevents",
    "service/cloudwatchlogs",
    "service/codebuild",
    "service/codecommit",
    "service/codedeploy",
    "service/codepipeline",
    "service/cognitoidentity",
    "service/cognitoidentityprovider",
    "service/configservice",
    "service/databasemigrationservice",
    "service/devicefarm",
    "service/directconnect",
    "service/directoryservice",
    "service/dynamodb",
    "service/ec2",
    "service/ecr",
    "service/ecs",
    "service/efs",
    "service/elasticache",
    "service/elasticbeanstalk",
    "service/elasticsearchservice",
    "service/elastictranscoder",
    "service/elb",
    "service/elbv2",
    "service/emr",
    "service/firehose",
    "service/gamelift",
    "service/glacier",
    "service/glue",
    "service/guardduty",
    "service/iam",
    "service/inspector",
    "service/iot",
    "service/kinesis",
    "service/kms",
    "service/lambda",
    "service/lightsail",
    "service/mediastore",
    "service/mq",
    "service/opsworks",
    "service/rds",
    "service/redshift",
    "service/route53",
    "service/s3",
    "service/servicecatalog",
    "service/servicediscovery",
    "service/ses",
    "service/sfn",
    "service/simpledb",
    "service/sns",
    "service/sqs",
    "service/ssm",
    "service/sts",
    "service/waf",
    "service/wafregional"
  ]
  revision = "de28909e9837364f0368d94ddcba085c57af3c12"
  version = "v1.12.73"

[[projects]]
  branch = "master"
  name = "github.com/beevik/etree"
  packages = ["."]
  revision = "af219c0c7ea1b67ec263c0b1b1b96d284a9181ce"

[[projects]]
  branch = "master"
  name = "github.com/bgentry/go-netrc"
  packages = ["netrc"]
  revision = "9fd32a8b3d3d3f9d43c341bfe098430e07609480"

[[projects]]
  name = "github.com/bgentry/speakeasy"
  packages = ["."]
  revision = "675b82c74c0ed12283ee81ba8a534c8982c07b85"

[[projects]]
  name = "github.com/blang/semver"
  packages = ["."]
  revision = "4a1e882c79dcf4ec00d2e29fac74b9c8938d5052"

[[projects]]
  name = "github.com/chzyer/readline"
  packages = ["."]
  revision = "c914be64f07d9998f52bf0d598ec26d457168c0f"

[[projects]]
  name = "github.com/coreos/etcd"
  packages = [
    "auth/authpb",
    "client",
    "clientv3",
    "clientv3/concurrency",
    "etcdserver/api/v3rpc/rpctypes",
    "etcdserver/etcdserverpb",
    "mvcc/mvccpb",
    "pkg/pathutil",
    "pkg/srv",
    "pkg/tlsutil",
    "pkg/transport",
    "pkg/types",
    "version"
  ]
  revision = "6930e471ed55ef89641a658b9fcb777295d5055b"

[[projects]]
  name = "github.com/coreos/go-semver"
  packages = ["semver"]
  revision = "8ab6407b697782a06568d4b7f1db25550ec2e4c6"
  version = "v0.2.0"

[[projects]]
  name = "github.com/davecgh/go-spew"
  packages = ["spew"]
  revision = "346938d642f2ec3594ed81d874461961cd0faa76"
  version = "v1.1.0"

[[projects]]
  name = "github.com/dgrijalva/jwt-go"
  packages = ["."]
  revision = "f0777076321ab64f6efc15a82d9d23b98539b943"

[[projects]]
  name = "github.com/dylanmei/iso8601"
  packages = ["."]
  revision = "2075bf119b58e5576c6ed9f867b8f3d17f2e54d4"
  version = "v0.1.0"

[[projects]]
  branch = "master"
  name = "github.com/dylanmei/winrmtest"
  packages = ["."]
  revision = "c2fbb09e6c084fe3ebe95fce0f1cc5297c152026"

[[projects]]
  name = "github.com/go-ini/ini"
  packages = ["."]
  revision = "32e4c1e6bc4e7d0d8451aa6b75200d19e37a536a"
  version = "v1.32.0"

[[projects]]
  name = "github.com/go-test/deep"
  packages = ["."]
  revision = "6592d9cc0a499ad2d5f574fde80a2b5c5cc3b4f5"
  version = "v1.0.1"

[[projects]]
  name = "github.com/golang/protobuf"
  packages = [
    "proto",
    "ptypes",
    "ptypes/any",
    "ptypes/duration",
    "ptypes/timestamp"
  ]
  revision = "8ee79997227bf9b34611aee7946ae64735e6fd93"

[[projects]]
  name = "github.com/googleapis/gax-go"
  packages = ["."]
  revision = "da06d194a00e19ce00d9011a13931c3f6f6887c7"

[[projects]]
  name = "github.com/gophercloud/gophercloud"
  packages = [
    ".",
    "openstack",
    "openstack/blockstorage/extensions/volumeactions",
    "openstack/blockstorage/v1/volumes",
    "openstack/blockstorage/v2/volumes",
    "openstack/compute/v2/extensions/availabilityzones",
    "openstack/compute/v2/extensions/bootfromvolume",
    "openstack/compute/v2/extensions/floatingips",
    "openstack/compute/v2/extensions/keypairs",
    "openstack/compute/v2/extensions/schedulerhints",
    "openstack/compute/v2/extensions/secgroups",
    "openstack/compute/v2/extensions/servergroups",
    "openstack/compute/v2/extensions/startstop",
    "openstack/compute/v2/extensions/tenantnetworks",
    "openstack/compute/v2/extensions/volumeattach",
    "openstack/compute/v2/flavors",
    "openstack/compute/v2/images",
    "openstack/compute/v2/servers",
    "openstack/dns/v2/recordsets",
    "openstack/dns/v2/zones",
    "openstack/identity/v2/tenants",
    "openstack/identity/v2/tokens",
    "openstack/identity/v3/tokens",
    "openstack/imageservice/v2/imagedata",
    "openstack/imageservice/v2/images",
    "openstack/networking/v2/extensions/fwaas/firewalls",
    "openstack/networking/v2/extensions/fwaas/policies",
    "openstack/networking/v2/extensions/fwaas/routerinsertion",
    "openstack/networking/v2/extensions/fwaas/rules",
    "openstack/networking/v2/extensions/layer3/floatingips",
    "openstack/networking/v2/extensions/layer3/routers",
    "openstack/networking/v2/extensions/lbaas/members",
    "openstack/networking/v2/extensions/lbaas/monitors",
    "openstack/networking/v2/extensions/lbaas/pools",
    "openstack/networking/v2/extensions/lbaas/vips",
    "openstack/networking/v2/extensions/lbaas_v2/listeners",
    "openstack/networking/v2/extensions/lbaas_v2/loadbalancers",
    "openstack/networking/v2/extensions/lbaas_v2/monitors",
    "openstack/networking/v2/extensions/lbaas_v2/pools",
    "openstack/networking/v2/extensions/provider",
    "openstack/networking/v2/extensions/security/groups",
    "openstack/networking/v2/extensions/security/rules",
    "openstack/networking/v2/networks",
    "openstack/networking/v2/ports",
    "openstack/networking/v2/subnets",
    "openstack/objectstorage/v1/accounts",
    "openstack/objectstorage/v1/containers",
    "openstack/objectstorage/v1/objects",
    "openstack/objectstorage/v1/swauth",
    "openstack/utils",
    "pagination"
  ]
  revision = "c5dfe1bc7b150a98b1578bb32f7c138ff9568f1d"

[[projects]]
  name = "github.com/hashicorp/atlas-go"
  packages = [
    "archive",
    "v1"
  ]
  revision = "1792bd8de119ba49b17fd8d3c3c1f488ec613e62"

[[projects]]
  name = "github.com/hashicorp/consul"
  packages = [
    "api",
    "lib/freeport",
    "testutil",
    "testutil/retry"
  ]
  revision = "610f3c86a089817b5bd5729a3b8c2db33a9ae2b0"

[[projects]]
  branch = "master"
  name = "github.com/hashicorp/errwrap"
  packages = ["."]
  revision = "7554cd9344cec97297fa6649b055a8c98c2a1e55"

[[projects]]
  branch = "master"
  name = "github.com/hashicorp/go-checkpoint"
  packages = ["."]
  revision = "1545e56e46dec3bba264e41fde2c1e2aa65b5dd4"

[[projects]]
  name = "github.com/hashicorp/go-cleanhttp"
  packages = ["."]
  revision = "06c9ea3a335b7443026f8124b22619524420291b"

[[projects]]
  name = "github.com/hashicorp/go-getter"
  packages = [
    ".",
    "helper/url"
  ]
  revision = "a686900cb3753aa644dc4812be91ceaf9fdd3b98"

[[projects]]
  name = "github.com/hashicorp/go-hclog"
  packages = ["."]
  revision = "b4e5765d1e5f00a0550911084f45f8214b5b83b9"

[[projects]]
  name = "github.com/hashicorp/go-multierror"
  packages = ["."]
  revision = "d30f09973e19c1dfcd120b2d9c4f168e68d6b5d5"

[[projects]]
  name = "github.com/hashicorp/go-plugin"
  packages = ["."]
  revision = "e53f54cbf51efde642d4711313e829a1ff0c236d"

[[projects]]
  name = "github.com/hashicorp/go-retryablehttp"
  packages = ["."]
  revision = "6e85be8fee1dcaa02c0eaaac2df5a8fbecf94145"

[[projects]]
  branch = "master"
  name = "github.com/hashicorp/go-rootcerts"
  packages = ["."]
  revision = "6bb64b370b90e7ef1fa532be9e591a81c3493e00"

[[projects]]
  name = "github.com/hashicorp/go-uuid"
  packages = ["."]
  revision = "36289988d83ca270bc07c234c36f364b0dd9c9a7"

[[projects]]
  branch = "master"
  name = "github.com/hashicorp/go-version"
  packages = ["."]
  revision = "4fe82ae3040f80a03d04d2cccb5606a626b8e1ee"

[[projects]]
  name = "github.com/hashicorp/hcl"
  packages = [
    ".",
    "hcl/ast",
    "hcl/fmtcmd",
    "hcl/parser",
    "hcl/printer",
    "hcl/scanner",
    "hcl/strconv",
    "hcl/token",
    "json/parser",
    "json/scanner",
    "json/token"
  ]
  revision = "a4b07c25de5ff55ad3b8936cea69a79a3d95a855"

[[projects]]
  name = "github.com/hashicorp/hcl2"
  packages = [
    "gohcl",
    "hcl",
    "hcl/hclsyntax",
    "hcl/json",
    "hcldec",
    "hclparse",
    "hcltest"
  ]
  revision = "5ca9713bf06addcefc0a4e16f779e43a2c88570c"

[[projects]]
  branch = "master"
  name = "github.com/hashicorp/hil"
  packages = [
    ".",
    "ast",
    "parser",
    "scanner"
  ]
  revision = "fa9f258a92500514cc8e9c67020487709df92432"

[[projects]]
  branch = "master"
  name = "github.com/hashicorp/logutils"
  packages = ["."]
  revision = "0dc08b1671f34c4250ce212759ebd880f743d883"

[[projects]]
  name = "github.com/hashicorp/serf"
  packages = ["coordinate"]
  revision = "e4ec8cc423bbe20d26584b96efbeb9102e16d05f"

[[projects]]
  name = "github.com/hashicorp/vault"
  packages = [
    "helper/compressutil",
    "helper/jsonutil",
    "helper/pgpkeys"
  ]
  revision = "9a60bf2a50e4dd1ba4b929a3ccf8072435cbdd0a"

[[projects]]
  name = "github.com/hashicorp/yamux"
  packages = ["."]
  revision = "d1caa6c97c9fc1cc9e83bbe34d0603f9ff0ce8bd"

[[projects]]
  branch = "master"
  name = "github.com/jen20/awspolicyequivalence"
  packages = ["."]
  revision = "3d48364a137a7847c1191b83740052dc7695878e"

[[projects]]
  name = "github.com/jmespath/go-jmespath"
  packages = ["."]
  revision = "0b12d6b5"

[[projects]]
  name = "github.com/joyent/triton-go"
  packages = [
    ".",
    "authentication",
    "client",
    "errors",
    "storage"
  ]
  revision = "545edbe0d564f075ac576f1ad177f4ff39c9adaf"

[[projects]]
  name = "github.com/kardianos/osext"
  packages = ["."]
  revision = "c2c54e542fb797ad986b31721e1baedf214ca413"

[[projects]]
  name = "github.com/keybase/go-crypto"
  packages = [
    "brainpool",
    "cast5",
    "openpgp",
    "openpgp/armor",
    "openpgp/elgamal",
    "openpgp/errors",
    "openpgp/packet",
    "openpgp/s2k",
    "rsa"
  ]
  revision = "93f5b35093ba15e0f86e412cc5c767d5c10c15fd"

[[projects]]
  name = "github.com/lusis/go-artifactory"
  packages = ["src/artifactory.v401"]
  revision = "7e4ce345df825841661d1b3ffbb1327083d4a22f"

[[projects]]
  branch = "master"
  name = "github.com/masterzen/azure-sdk-for-go"
  packages = [
    "core/http",
    "core/tls"
  ]
  revision = "ee4f0065d00cd12b542f18f5bc45799e88163b12"

[[projects]]
  branch = "master"
  name = "github.com/masterzen/simplexml"
  packages = ["dom"]
  revision = "4572e39b1ab9fe03ee513ce6fc7e289e98482190"

[[projects]]
  branch = "master"
  name = "github.com/masterzen/winrm"
  packages = [
    ".",
    "soap"
  ]
  revision = "a2df6b1315e6fd5885eb15c67ed259e85854125f"

[[projects]]
  name = "github.com/mattn/go-colorable"
  packages = ["."]
  revision = "9cbef7c35391cca05f15f8181dc0b18bc9736dbb"

[[projects]]
  name = "github.com/mattn/go-isatty"
  packages = ["."]
  revision = "30a891c33c7cde7b02a981314b4228ec99380cca"

[[projects]]
  name = "github.com/mattn/go-shellwords"
  packages = ["."]
  revision = "753a2322a99f87c0eff284980e77f53041555bc6"
  version = "v1.0.1"

[[projects]]
  name = "github.com/mitchellh/cli"
  packages = ["."]
  revision = "33edc47170b5df54d2588696d590c5e20ee583fe"

[[projects]]
  branch = "master"
  name = "github.com/mitchellh/colorstring"
  packages = ["."]
  revision = "8631ce90f28644f54aeedcb3e389a85174e067d1"

[[projects]]
  name = "github.com/mitchellh/copystructure"
  packages = ["."]
  revision = "5af94aef99f597e6a9e1f6ac6be6ce0f3c96b49d"

[[projects]]
  branch = "master"
  name = "github.com/mitchellh/go-homedir"
  packages = ["."]
  revision = "b8bc1bf767474819792c23f32d8286a45736f1c6"

[[projects]]
  branch = "master"
  name = "github.com/mitchellh/go-linereader"
  packages = ["."]
  revision = "07bab5fdd9580500aea6ada0e09df4aa28e68abd"

[[projects]]
  name = "github.com/mitchellh/go-testing-interface"
  packages = ["."]
  revision = "9a441910b16872f7b8283682619b3761a9aa2222"

[[projects]]
  branch = "master"
  name = "github.com/mitchellh/go-wordwrap"
  packages = ["."]
  revision = "ad45545899c7b13c020ea92b2072220eefad42b8"

[[projects]]
  name = "github.com/mitchellh/hashstructure"
  packages = ["."]
  revision = "6b17d669fac5e2f71c16658d781ec3fdd3802b69"

[[projects]]
  name = "github.com/mitchellh/mapstructure"
  packages = ["."]
  revision = "53818660ed4955e899c0bcafa97299a388bd7c8e"

[[projects]]
  name = "github.com/mitchellh/panicwrap"
  packages = ["."]
  revision = "ba9e1a65e0f7975f055d50a2c0201c50d941c24c"

[[projects]]
  branch = "master"
  name = "github.com/mitchellh/prefixedio"
  packages = ["."]
  revision = "6e6954073784f7ee67b28f2d22749d6479151ed7"

[[projects]]
  name = "github.com/mitchellh/reflectwalk"
  packages = ["."]
  revision = "92573fe8d000a145bfebc03a16bc22b34945867f"

[[projects]]
  branch = "master"
  name = "github.com/nu7hatch/gouuid"
  packages = ["."]
  revision = "179d4d0c4d8d407a32af483c2354df1d2c91e6c3"

[[projects]]
  name = "github.com/oklog/run"
  packages = ["."]
  revision = "4dadeb3030eda0273a12382bb2348ffc7c9d1a39"
  version = "v1.0.0"

[[projects]]
  name = "github.com/packer-community/winrmcp"
  packages = ["winrmcp"]
  revision = "078cc0a785c9da54158c0775f06f505fc1e867f8"

[[projects]]
  branch = "master"
  name = "github.com/pkg/errors"
  packages = ["."]
  revision = "30136e27e2ac8d167177e8a583aa4c3fea5be833"

[[projects]]
  name = "github.com/posener/complete"
  packages = [
    ".",
    "cmd",
    "cmd/install",
    "match"
  ]
  revision = "dc2bc5a81accba8782bebea28628224643a8286a"
  version = "v1.1"

[[projects]]
  name = "github.com/ryanuber/columnize"
  packages = ["."]
  revision = "0fbbb3f0e3fbdc5bae7c6cd5f6c1887ebfb76360"

[[projects]]
  name = "github.com/satori/go.uuid"
  packages = ["."]
  revision = "b061729afc07e77a8aa4fad0a2fd840958f1942a"

[[projects]]
  name = "github.com/satori/uuid"
  packages = ["."]
  revision = "b061729afc07e77a8aa4fad0a2fd840958f1942a"

[[projects]]
  name = "github.com/spf13/afero"
  packages = [
    ".",
    "mem"
  ]
  revision = "bb8f1927f2a9d3ab41c9340aa034f6b803f4359c"
  version = "v1.0.2"

[[projects]]
  name = "github.com/terraform-providers/terraform-provider-aws"
  packages = ["aws"]
  revision = "5293a0e3b1366ee16d8742b9b2354781a79bfbd9"
  version = "v1.9.0"

[[projects]]
  name = "github.com/terraform-providers/terraform-provider-openstack"
  packages = ["openstack"]
  revision = "4080a521c6ea4872f38bae658ac17b774eefcfe1"

[[projects]]
  name = "github.com/ugorji/go"
  packages = ["codec"]
  revision = "9831f2c3ac1068a78f50999a30db84270f647af6"
  version = "v1.1"

[[projects]]
  name = "github.com/ulikunitz/xz"
  packages = [
    ".",
    "internal/hash",
    "internal/xlog",
    "lzma"
  ]
  revision = "0c6b41e72360850ca4f98dc341fd999726ea007f"
  version = "v0.5.4"

[[projects]]
  branch = "master"
  name = "github.com/xanzy/ssh-agent"
  packages = ["."]
  revision = "ba9c9e33906f58169366275e3450db66139a31a9"

[[projects]]
  name = "github.com/xlab/treeprint"
  packages = ["."]
  revision = "1d6e342255576c977e946a2384fc487a22d3fceb"

[[projects]]
  branch = "master"
  name = "github.com/zclconf/go-cty"
  packages = [
    "cty",
    "cty/convert",
    "cty/function",
    "cty/function/stdlib",
    "cty/gocty",
    "cty/json",
    "cty/set"
  ]
  revision = "709e4033eeb037dc543dbc2048065dfb814ce316"

[[projects]]
  branch = "master"
  name = "golang.org/x/crypto"
  packages = [
    "bcrypt",
    "blowfish",
    "cast5",
    "curve25519",
    "ed25519",
    "ed25519/internal/edwards25519",
    "internal/chacha20",
    "md4",
    "openpgp",
    "openpgp/armor",
    "openpgp/elgamal",
    "openpgp/errors",
    "openpgp/packet",
    "openpgp/s2k",
    "poly1305",
    "ssh",
    "ssh/agent",
    "ssh/knownhosts"
  ]
  revision = "650f4a345ab4e5b245a3034b110ebc7299e68186"

[[projects]]
  name = "golang.org/x/net"
  packages = [
    "context",
    "context/ctxhttp",
    "html",
    "html/atom",
    "html/charset",
    "http2",
    "http2/hpack",
    "idna",
    "internal/timeseries",
    "lex/httplex",
    "trace"
  ]
  revision = "f2499483f923065a842d38eb4c7f1927e6fc6e6d"

[[projects]]
  name = "golang.org/x/oauth2"
  packages = [
    ".",
    "google",
    "internal",
    "jws",
    "jwt"
  ]
  revision = "314dd2c0bf3ebd592ec0d20847d27e79d0dbe8dd"

[[projects]]
  name = "golang.org/x/sys"
  packages = ["unix"]
  revision = "0b25a408a50076fbbcae6b7ac0ea5fbb0b085e79"

[[projects]]
  name = "golang.org/x/text"
  packages = [
    "encoding",
    "encoding/charmap",
    "encoding/htmlindex",
    "encoding/internal",
    "encoding/internal/identifier",
    "encoding/japanese",
    "encoding/korean",
    "encoding/simplifiedchinese",
    "encoding/traditionalchinese",
    "encoding/unicode",
    "internal/gen",
    "internal/tag",
    "internal/triegen",
    "internal/ucd",
    "internal/utf8internal",
    "language",
    "runes",
    "transform",
    "unicode/cldr",
    "unicode/norm"
  ]
  revision = "e56139fd9c5bc7244c76116c68e500765bb6db6b"

[[projects]]
  name = "google.golang.org/api"
  packages = [
    "gensupport",
    "googleapi",
    "googleapi/internal/uritemplates",
    "googleapi/transport",
    "internal",
    "iterator",
    "option",
    "storage/v1",
    "transport",
    "transport/grpc",
    "transport/http"
  ]
  revision = "7a7376eff6a51c6a053fcf8e9e50bf01a20f2673"

[[projects]]
  name = "google.golang.org/appengine"
  packages = [
    ".",
    "internal",
    "internal/app_identity",
    "internal/base",
    "internal/datastore",
    "internal/log",
    "internal/modules",
    "internal/remote_api",
    "internal/socket",
    "internal/urlfetch",
    "socket",
    "urlfetch"
  ]
  revision = "150dc57a1b433e64154302bdc40b6bb8aefa313a"
  version = "v1.0.0"

[[projects]]
  name = "google.golang.org/genproto"
  packages = ["googleapis/rpc/status"]
  revision = "f676e0f3ac6395ff1a529ae59a6670878a8371a6"

[[projects]]
  name = "google.golang.org/grpc"
  packages = [
    ".",
    "codes",
    "connectivity",
    "credentials",
    "credentials/oauth",
    "grpclb/grpc_lb_v1",
    "grpclog",
    "health",
    "health/grpc_health_v1",
    "internal",
    "keepalive",
    "metadata",
    "naming",
    "peer",
    "stats",
    "status",
    "tap",
    "transport"
  ]
  revision = "7657092a1303cc5a6fa3fee988d57c665683a4da"

[[projects]]
  name = "gopkg.in/yaml.v2"
  packages = ["."]
  revision = "cd8b52f8269e0feb286dfeef29f8fe4d5b397e0b"

[solve-meta]
  analyzer-name = "dep"
  analyzer-version = 1
  inputs-digest = "e8774402d1c70c9c38977a787c4d450c4c18efd43c872723ee392fd94cb08b49"
  solver-name = "gps-cdcl"
  solver-version = 1
